
Microsoft Visual Studio Solution File, Format Version 12.00
# Visual Studio Version 16
VisualStudioVersion = 16.0.31424.327
MinimumVisualStudioVersion = 10.0.40219.1
Project("{FAE04EC0-301F-11D3-BF4B-00C04F79EFBC}") = "AsrielMediaPlayer", "AsrielMediaPlayer\AsrielMediaPlayer.csproj", "{AC8A7A68-212A-418A-9B44-D5BEBA580739}"
EndProject
Global
	GlobalSection(SolutionConfigurationPlatforms) = preSolution
		Debug|Any CPU = Debug|Any CPU
		Release|Any CPU = Release|Any CPU
	EndGlobalSection
	GlobalSection(ProjectConfigurationPlatforms) = postSolution
		{AC8A7A68-212A-418A-9B44-D5BEBA580739}.Debug|Any CPU.ActiveCfg = Debug|Any CPU
		{AC8A7A68-212A-418A-9B44-D5BEBA580739}.Debug|Any CPU.Build.0 = Debug|Any CPU
		{AC8A7A68-212A-418A-9B44-D5BEBA580739}.Release|Any CPU.ActiveCfg = Release|Any CPU
		{AC8A7A68-212A-418A-9B44-D5BEBA580739}.Release|Any CPU.Build.0 = Release|Any CPU
	EndGlobalSection
	GlobalSection(SolutionProperties) = preSolution
		HideSolutionNode = FALSE
	EndGlobalSection
	GlobalSection(ExtensibilityGlobals) = postSolution
		SolutionGuid = {8D8249B6-F5C7-4753-BDA5-04C60EEF081C}
	EndGlobalSection
EndGlobal
